
Microsoft Visual Studio Solution File, Format Version 12.00
Project("{FAE04EC0-301F-11D3-BF4B-00C04F79EFBC}") = "CreditCalculator", "CreditCalculator.csproj", "{AC188C57-DDB7-42F7-8FE3-F695FF801D58}"
EndProject
Global
	GlobalSection(SolutionConfigurationPlatforms) = preSolution
		Debug|Any CPU = Debug|Any CPU
		Release|Any CPU = Release|Any CPU
	EndGlobalSection
	GlobalSection(ProjectConfigurationPlatforms) = postSolution
		{AC188C57-DDB7-42F7-8FE3-F695FF801D58}.Debug|Any CPU.ActiveCfg = Debug|Any CPU
		{AC188C57-DDB7-42F7-8FE3-F695FF801D58}.Debug|Any CPU.Build.0 = Debug|Any CPU
		{AC188C57-DDB7-42F7-8FE3-F695FF801D58}.Release|Any CPU.ActiveCfg = Release|Any CPU
		{AC188C57-DDB7-42F7-8FE3-F695FF801D58}.Release|Any CPU.Build.0 = Release|Any CPU
	EndGlobalSection
EndGlobal
